schema: '2.0'
stages:
  raw_pipeline:
    cmd: set PYTHONPATH=src && python src/cli.py download-all && python src/cli.py
      process-all
    deps:
    - path: src/cli.py
      hash: md5
      md5: b3ef937b23d227dce7255cbf6c1dde62
      size: 870
    outs:
    - path: data/interim/combined_fakenews_dataset.csv
      hash: md5
      md5: fefe5a5a74c79883be4961034dd1a34d
      size: 7607617
    - path: data/raw
      hash: md5
      md5: b065649415cb17514f76c3deb0fef66b.dir
      size: 15402873
      nfiles: 5
  preprocess_pipeline:
    cmd: python src/cli.py preprocess-all
    deps:
    - path: data/interim/combined_fakenews_dataset.csv
      hash: md5
      md5: fefe5a5a74c79883be4961034dd1a34d
      size: 7607617
    - path: src/cli.py
      hash: md5
      md5: b3ef937b23d227dce7255cbf6c1dde62
      size: 870
    - path: src/data_preprocess/preprocessing.py
      hash: md5
      md5: 02146c924c8a6725930cf6554b33cac7
      size: 5128
    outs:
    - path: data/processed
      hash: md5
      md5: e61078046c9287644d98d998d00341ec.dir
      size: 25306221
      nfiles: 3
  train_model_pipeline:
    cmd: python src/cli.py build-model
    deps:
    - path: data/interim/combined_fakenews_dataset.csv
      hash: md5
      md5: fefe5a5a74c79883be4961034dd1a34d
      size: 7607617
    - path: src/cli.py
      hash: md5
      md5: b3ef937b23d227dce7255cbf6c1dde62
      size: 870
    - path: src/models/final_models/build_final_model.py
      hash: md5
      md5: 3c03f8fa60cab33a9404c6021e72477e
      size: 5831
    outs:
    - path: app/backend/final_model/artifacts/selector.pkl
      hash: md5
      md5: f8e7684b07a2a584a2dc9149e57dbdc1
      size: 101847
    - path: app/backend/final_model/artifacts/tfidf_vectorizer.pkl
      hash: md5
      md5: 59afc73f86ffa977ccd97299a86104bb
      size: 243485
    - path: app/backend/final_model/final_voting_model.pkl
      hash: md5
      md5: 06b6ed4a428b6c3cfdeb0e91bb6cf595
      size: 3537315
