schema: '2.0'
stages:
  raw_pipeline:
    cmd: set PYTHONPATH=src && python src/cli.py download-all && python src/cli.py
      process-all
    deps:
    - path: src/cli.py
      hash: md5
      md5: e4e8a6ed289b04ed1a30f657650b7e70
      size: 568
    outs:
    - path: data/interim/combined_fakenews_dataset.csv
      hash: md5
      md5: fefe5a5a74c79883be4961034dd1a34d
      size: 7607617
    - path: data/raw
      hash: md5
      md5: b065649415cb17514f76c3deb0fef66b.dir
      size: 15402873
      nfiles: 5
